// !$*UTF8*$!
{
	archiveVersion = 1;
	classes = {
	};
	objectVersion = 46;
	objects = {

/* Begin PBXBuildFile section */
		2BAB19EB1B639C0600BDC591 /* AppDelegate.swift in Sources */ = {isa = PBXBuildFile; fileRef = 2BAB19EA1B639C0600BDC591 /* AppDelegate.swift */; };
		2BAB19ED1B639C0600BDC591 /* ViewController.swift in Sources */ = {isa = PBXBuildFile; fileRef = 2BAB19EC1B639C0600BDC591 /* ViewController.swift */; };
		2BAB19F01B639C0600BDC591 /* Main.storyboard in Resources */ = {isa = PBXBuildFile; fileRef = 2BAB19EE1B639C0600BDC591 /* Main.storyboard */; };
		2BAB19F21B639C0600BDC591 /* Assets.xcassets in Resources */ = {isa = PBXBuildFile; fileRef = 2BAB19F11B639C0600BDC591 /* Assets.xcassets */; };
		2BAB19F51B639C0600BDC591 /* LaunchScreen.storyboard in Resources */ = {isa = PBXBuildFile; fileRef = 2BAB19F31B639C0600BDC591 /* LaunchScreen.storyboard */; };
		2BAB19FA1B639C0600BDC591 /* AnimationSample WatchKit App.app in Embed Watch Content */ = {isa = PBXBuildFile; fileRef = 2BAB19F91B639C0600BDC591 /* AnimationSample WatchKit App.app */; };
		2BAB1A001B639C0600BDC591 /* Interface.storyboard in Resources */ = {isa = PBXBuildFile; fileRef = 2BAB19FE1B639C0600BDC591 /* Interface.storyboard */; };
		2BAB1A021B639C0600BDC591 /* Assets.xcassets in Resources */ = {isa = PBXBuildFile; fileRef = 2BAB1A011B639C0600BDC591 /* Assets.xcassets */; };
		2BAB1A091B639C0600BDC591 /* AnimationSample WatchKit Extension.appex in Embed App Extensions */ = {isa = PBXBuildFile; fileRef = 2BAB1A081B639C0600BDC591 /* AnimationSample WatchKit Extension.appex */; settings = {ATTRIBUTES = (RemoveHeadersOnCopy, ); }; };
		2BAB1A0E1B639C0600BDC591 /* InterfaceController.swift in Sources */ = {isa = PBXBuildFile; fileRef = 2BAB1A0D1B639C0600BDC591 /* InterfaceController.swift */; };
		2BAB1A101B639C0600BDC591 /* ExtensionDelegate.swift in Sources */ = {isa = PBXBuildFile; fileRef = 2BAB1A0F1B639C0600BDC591 /* ExtensionDelegate.swift */; };
		2BAB1A121B639C0600BDC591 /* Assets.xcassets in Resources */ = {isa = PBXBuildFile; fileRef = 2BAB1A111B639C0600BDC591 /* Assets.xcassets */; };
/* End PBXBuildFile section */

/* Begin PBXContainerItemProxy section */
		2BAB19FB1B639C0600BDC591 /* PBXContainerItemProxy */ = {
			isa = PBXContainerItemProxy;
			containerPortal = 2BAB19DF1B639C0600BDC591 /* Project object */;
			proxyType = 1;
			remoteGlobalIDString = 2BAB19F81B639C0600BDC591;
			remoteInfo = "AnimationSample WatchKit App";
		};
		2BAB1A0A1B639C0600BDC591 /* PBXContainerItemProxy */ = {
			isa = PBXContainerItemProxy;
			containerPortal = 2BAB19DF1B639C0600BDC591 /* Project object */;
			proxyType = 1;
			remoteGlobalIDString = 2BAB1A071B639C0600BDC591;
			remoteInfo = "AnimationSample WatchKit Extension";
		};
/* End PBXContainerItemProxy section */

/* Begin PBXCopyFilesBuildPhase section */
		2BAB1A191B639C0600BDC591 /* Embed App Extensions */ = {
			isa = PBXCopyFilesBuildPhase;
			buildActionMask = 2147483647;
			dstPath = "";
			dstSubfolderSpec = 13;
			files = (
				2BAB1A091B639C0600BDC591 /* AnimationSample WatchKit Extension.appex in Embed App Extensions */,
			);
			name = "Embed App Extensions";
			runOnlyForDeploymentPostprocessing = 0;
		};
		2BAB1A1D1B639C0600BDC591 /* Embed Watch Content */ = {
			isa = PBXCopyFilesBuildPhase;
			buildActionMask = 2147483647;
			dstPath = "$(CONTENTS_FOLDER_PATH)/Watch";
			dstSubfolderSpec = 16;
			files = (
				2BAB19FA1B639C0600BDC591 /* AnimationSample WatchKit App.app in Embed Watch Content */,
			);
			name = "Embed Watch Content";
			runOnlyForDeploymentPostprocessing = 0;
		};
/* End PBXCopyFilesBuildPhase section */

/* Begin PBXFileReference section */
		2BAB19E71B639C0600BDC591 /* AnimationSample.app */ = {isa = PBXFileReference; explicitFileType = wrapper.application; includeInIndex = 0; path = AnimationSample.app; sourceTree = BUILT_PRODUCTS_DIR; };
		2BAB19EA1B639C0600BDC591 /* AppDelegate.swift */ = {isa = PBXFileReference; lastKnownFileType = sourcecode.swift; path = AppDelegate.swift; sourceTree = "<group>"; };
		2BAB19EC1B639C0600BDC591 /* ViewController.swift */ = {isa = PBXFileReference; lastKnownFileType = sourcecode.swift; path = ViewController.swift; sourceTree = "<group>"; };
		2BAB19EF1B639C0600BDC591 /* Base */ = {isa = PBXFileReference; lastKnownFileType = file.storyboard; name = Base; path = Base.lproj/Main.storyboard; sourceTree = "<group>"; };
		2BAB19F11B639C0600BDC591 /* Assets.xcassets */ = {isa = PBXFileReference; lastKnownFileType = folder.assetcatalog; path = Assets.xcassets; sourceTree = "<group>"; };
		2BAB19F41B639C0600BDC591 /* Base */ = {isa = PBXFileReference; lastKnownFileType = file.storyboard; name = Base; path = Base.lproj/LaunchScreen.storyboard; sourceTree = "<group>"; };
		2BAB19F61B639C0600BDC591 /* Info.plist */ = {isa = PBXFileReference; lastKnownFileType = text.plist.xml; path = Info.plist; sourceTree = "<group>"; };
		2BAB19F91B639C0600BDC591 /* AnimationSample WatchKit App.app */ = {isa = PBXFileReference; explicitFileType = wrapper.application; includeInIndex = 0; path = "AnimationSample WatchKit App.app"; sourceTree = BUILT_PRODUCTS_DIR; };
		2BAB19FF1B639C0600BDC591 /* Base */ = {isa = PBXFileReference; lastKnownFileType = file.storyboard; name = Base; path = Base.lproj/Interface.storyboard; sourceTree = "<group>"; };
		2BAB1A011B639C0600BDC591 /* Assets.xcassets */ = {isa = PBXFileReference; lastKnownFileType = folder.assetcatalog; path = Assets.xcassets; sourceTree = "<group>"; };
		2BAB1A031B639C0600BDC591 /* Info.plist */ = {isa = PBXFileReference; lastKnownFileType = text.plist.xml; path = Info.plist; sourceTree = "<group>"; };
		2BAB1A081B639C0600BDC591 /* AnimationSample WatchKit Extension.appex */ = {isa = PBXFileReference; explicitFileType = "wrapper.app-extension"; includeInIndex = 0; path = "AnimationSample WatchKit Extension.appex"; sourceTree = BUILT_PRODUCTS_DIR; };
		2BAB1A0D1B639C0600BDC591 /* InterfaceController.swift */ = {isa = PBXFileReference; lastKnownFileType = sourcecode.swift; path = InterfaceController.swift; sourceTree = "<group>"; };
		2BAB1A0F1B639C0600BDC591 /* ExtensionDelegate.swift */ = {isa = PBXFileReference; lastKnownFileType = sourcecode.swift; path = ExtensionDelegate.swift; sourceTree = "<group>"; };
		2BAB1A111B639C0600BDC591 /* Assets.xcassets */ = {isa = PBXFileReference; lastKnownFileType = folder.assetcatalog; path = Assets.xcassets; sourceTree = "<group>"; };
		2BAB1A131B639C0600BDC591 /* Info.plist */ = {isa = PBXFileReference; lastKnownFileType = text.plist.xml; path = Info.plist; sourceTree = "<group>"; };
/* End PBXFileReference section */

/* Begin PBXFrameworksBuildPhase section */
		2BAB19E41B639C0600BDC591 /* Frameworks */ = {
			isa = PBXFrameworksBuildPhase;
			buildActionMask = 2147483647;
			files = (
			);
			runOnlyForDeploymentPostprocessing = 0;
		};
		2BAB1A051B639C0600BDC591 /* Frameworks */ = {
			isa = PBXFrameworksBuildPhase;
			buildActionMask = 2147483647;
			files = (
			);
			runOnlyForDeploymentPostprocessing = 0;
		};
/* End PBXFrameworksBuildPhase section */

/* Begin PBXGroup section */
		2BAB19DE1B639C0600BDC591 = {
			isa = PBXGroup;
			children = (
				2BAB19E91B639C0600BDC591 /* AnimationSample */,
				2BAB19FD1B639C0600BDC591 /* AnimationSample WatchKit App */,
				2BAB1A0C1B639C0600BDC591 /* AnimationSample WatchKit Extension */,
				2BAB19E81B639C0600BDC591 /* Products */,
			);
			sourceTree = "<group>";
		};
		2BAB19E81B639C0600BDC591 /* Products */ = {
			isa = PBXGroup;
			children = (
				2BAB19E71B639C0600BDC591 /* AnimationSample.app */,
				2BAB19F91B639C0600BDC591 /* AnimationSample WatchKit App.app */,
				2BAB1A081B639C0600BDC591 /* AnimationSample WatchKit Extension.appex */,
			);
			name = Products;
			sourceTree = "<group>";
		};
		2BAB19E91B639C0600BDC591 /* AnimationSample */ = {
			isa = PBXGroup;
			children = (
				2BAB19EA1B639C0600BDC591 /* AppDelegate.swift */,
				2BAB19EC1B639C0600BDC591 /* ViewController.swift */,
				2BAB19EE1B639C0600BDC591 /* Main.storyboard */,
				2BAB19F11B639C0600BDC591 /* Assets.xcassets */,
				2BAB19F31B639C0600BDC591 /* LaunchScreen.storyboard */,
				2BAB19F61B639C0600BDC591 /* Info.plist */,
			);
			path = AnimationSample;
			sourceTree = "<group>";
		};
		2BAB19FD1B639C0600BDC591 /* AnimationSample WatchKit App */ = {
			isa = PBXGroup;
			children = (
				2BAB19FE1B639C0600BDC591 /* Interface.storyboard */,
				2BAB1A011B639C0600BDC591 /* Assets.xcassets */,
				2BAB1A031B639C0600BDC591 /* Info.plist */,
			);
			path = "AnimationSample WatchKit App";
			sourceTree = "<group>";
		};
		2BAB1A0C1B639C0600BDC591 /* AnimationSample WatchKit Extension */ = {
			isa = PBXGroup;
			children = (
				2BAB1A0D1B639C0600BDC591 /* InterfaceController.swift */,
				2BAB1A0F1B639C0600BDC591 /* ExtensionDelegate.swift */,
				2BAB1A111B639C0600BDC591 /* Assets.xcassets */,
				2BAB1A131B639C0600BDC591 /* Info.plist */,
			);
			path = "AnimationSample WatchKit Extension";
			sourceTree = "<group>";
		};
/* End PBXGroup section */

/* Begin PBXNativeTarget section */
		2BAB19E61B639C0600BDC591 /* AnimationSample */ = {
			isa = PBXNativeTarget;
			buildConfigurationList = 2BAB1A1E1B639C0600BDC591 /* Build configuration list for PBXNativeTarget "AnimationSample" */;
			buildPhases = (
				2BAB19E31B639C0600BDC591 /* Sources */,
				2BAB19E41B639C0600BDC591 /* Frameworks */,
				2BAB19E51B639C0600BDC591 /* Resources */,
				2BAB1A1D1B639C0600BDC591 /* Embed Watch Content */,
			);
			buildRules = (
			);
			dependencies = (
				2BAB19FC1B639C0600BDC591 /* PBXTargetDependency */,
			);
			name = AnimationSample;
			productName = AnimationSample;
			productReference = 2BAB19E71B639C0600BDC591 /* AnimationSample.app */;
			productType = "com.apple.product-type.application";
		};
		2BAB19F81B639C0600BDC591 /* AnimationSample WatchKit App */ = {
			isa = PBXNativeTarget;
			buildConfigurationList = 2BAB1A1A1B639C0600BDC591 /* Build configuration list for PBXNativeTarget "AnimationSample WatchKit App" */;
			buildPhases = (
				2BAB19F71B639C0600BDC591 /* Resources */,
				2BAB1A191B639C0600BDC591 /* Embed App Extensions */,
			);
			buildRules = (
			);
			dependencies = (
				2BAB1A0B1B639C0600BDC591 /* PBXTargetDependency */,
			);
			name = "AnimationSample WatchKit App";
			productName = "AnimationSample WatchKit App";
			productReference = 2BAB19F91B639C0600BDC591 /* AnimationSample WatchKit App.app */;
			productType = "com.apple.product-type.application.watchapp2";
		};
		2BAB1A071B639C0600BDC591 /* AnimationSample WatchKit Extension */ = {
			isa = PBXNativeTarget;
			buildConfigurationList = 2BAB1A161B639C0600BDC591 /* Build configuration list for PBXNativeTarget "AnimationSample WatchKit Extension" */;
			buildPhases = (
				2BAB1A041B639C0600BDC591 /* Sources */,
				2BAB1A051B639C0600BDC591 /* Frameworks */,
				2BAB1A061B639C0600BDC591 /* Resources */,
			);
			buildRules = (
			);
			dependencies = (
			);
			name = "AnimationSample WatchKit Extension";
			productName = "AnimationSample WatchKit Extension";
			productReference = 2BAB1A081B639C0600BDC591 /* AnimationSample WatchKit Extension.appex */;
			productType = "com.apple.product-type.watchkit2-extension";
		};
/* End PBXNativeTarget section */

/* Begin PBXProject section */
		2BAB19DF1B639C0600BDC591 /* Project object */ = {
			isa = PBXProject;
			attributes = {
				LastUpgradeCheck = 0700;
				ORGANIZATIONNAME = com.myCompany;
				TargetAttributes = {
					2BAB19E61B639C0600BDC591 = {
						CreatedOnToolsVersion = 7.0;
					};
					2BAB19F81B639C0600BDC591 = {
						CreatedOnToolsVersion = 7.0;
					};
					2BAB1A071B639C0600BDC591 = {
						CreatedOnToolsVersion = 7.0;
					};
				};
			};
			buildConfigurationList = 2BAB19E21B639C0600BDC591 /* Build configuration list for PBXProject "AnimationSample" */;
			compatibilityVersion = "Xcode 3.2";
			developmentRegion = English;
			hasScannedForEncodings = 0;
			knownRegions = (
				en,
				Base,
			);
			mainGroup = 2BAB19DE1B639C0600BDC591;
			productRefGroup = 2BAB19E81B639C0600BDC591 /* Products */;
			projectDirPath = "";
			projectRoot = "";
			targets = (
				2BAB19E61B639C0600BDC591 /* AnimationSample */,
				2BAB19F81B639C0600BDC591 /* AnimationSample WatchKit App */,
				2BAB1A071B639C0600BDC591 /* AnimationSample WatchKit Extension */,
			);
		};
/* End PBXProject section */

/* Begin PBXResourcesBuildPhase section */
		2BAB19E51B639C0600BDC591 /* Resources */ = {
			isa = PBXResourcesBuildPhase;
			buildActionMask = 2147483647;
			files = (
				2BAB19F51B639C0600BDC591 /* LaunchScreen.storyboard in Resources */,
				2BAB19F21B639C0600BDC591 /* Assets.xcassets in Resources */,
				2BAB19F01B639C0600BDC591 /* Main.storyboard in Resources */,
			);
			runOnlyForDeploymentPostprocessing = 0;
		};
		2BAB19F71B639C0600BDC591 /* Resources */ = {
			isa = PBXResourcesBuildPhase;
			buildActionMask = 2147483647;
			files = (
				2BAB1A021B639C0600BDC591 /* Assets.xcassets in Resources */,
				2BAB1A001B639C0600BDC591 /* Interface.storyboard in Resources */,
			);
			runOnlyForDeploymentPostprocessing = 0;
		};
		2BAB1A061B639C0600BDC591 /* Resources */ = {
			isa = PBXResourcesBuildPhase;
			buildActionMask = 2147483647;
			files = (
				2BAB1A121B639C0600BDC591 /* Assets.xcassets in Resources */,
			);
			runOnlyForDeploymentPostprocessing = 0;
		};
/* End PBXResourcesBuildPhase section */

/* Begin PBXSourcesBuildPhase section */
		2BAB19E31B639C0600BDC591 /* Sources */ = {
			isa = PBXSourcesBuildPhase;
			buildActionMask = 2147483647;
			files = (
				2BAB19ED1B639C0600BDC591 /* ViewController.swift in Sources */,
				2BAB19EB1B639C0600BDC591 /* AppDelegate.swift in Sources */,
			);
			runOnlyForDeploymentPostprocessing = 0;
		};
		2BAB1A041B639C0600BDC591 /* Sources */ = {
			isa = PBXSourcesBuildPhase;
			buildActionMask = 2147483647;
			files = (
				2BAB1A101B639C0600BDC591 /* ExtensionDelegate.swift in Sources */,
				2BAB1A0E1B639C0600BDC591 /* InterfaceController.swift in Sources */,
			);
			runOnlyForDeploymentPostprocessing = 0;
		};
/* End PBXSourcesBuildPhase section */

/* Begin PBXTargetDependency section */
		2BAB19FC1B639C0600BDC591 /* PBXTargetDependency */ = {
			isa = PBXTargetDependency;
			target = 2BAB19F81B639C0600BDC591 /* AnimationSample WatchKit App */;
			targetProxy = 2BAB19FB1B639C0600BDC591 /* PBXContainerItemProxy */;
		};
		2BAB1A0B1B639C0600BDC591 /* PBXTargetDependency */ = {
			isa = PBXTargetDependency;
			target = 2BAB1A071B639C0600BDC591 /* AnimationSample WatchKit Extension */;
			targetProxy = 2BAB1A0A1B639C0600BDC591 /* PBXContainerItemProxy */;
		};
/* End PBXTargetDependency section */

/* Begin PBXVariantGroup section */
		2BAB19EE1B639C0600BDC591 /* Main.storyboard */ = {
			isa = PBXVariantGroup;
			children = (
				2BAB19EF1B639C0600BDC591 /* Base */,
			);
			name = Main.storyboard;
			sourceTree = "<group>";
		};
		2BAB19F31B639C0600BDC591 /* LaunchScreen.storyboard */ = {
			isa = PBXVariantGroup;
			children = (
				2BAB19F41B639C0600BDC591 /* Base */,
			);
			name = LaunchScreen.storyboard;
			sourceTree = "<group>";
		};
		2BAB19FE1B639C0600BDC591 /* Interface.storyboard */ = {
			isa = PBXVariantGroup;
			children = (
				2BAB19FF1B639C0600BDC591 /* Base */,
			);
			name = Interface.storyboard;
			sourceTree = "<group>";
		};
/* End PBXVariantGroup section */

/* Begin XCBuildConfiguration section */
		2BAB1A141B639C0600BDC591 /* Debug */ = {
			isa = XCBuildConfiguration;
			buildSettings = {
				ALWAYS_SEARCH_USER_PATHS = NO;
				CLANG_CXX_LANGUAGE_STANDARD = "gnu++0x";
				CLANG_CXX_LIBRARY = "libc++";
				CLANG_ENABLE_MODULES = YES;
				CLANG_ENABLE_OBJC_ARC = YES;
				CLANG_WARN_BOOL_CONVERSION = YES;
				CLANG_WARN_CONSTANT_CONVERSION = YES;
				CLANG_WARN_DIRECT_OBJC_ISA_USAGE = YES_ERROR;
				CLANG_WARN_EMPTY_BODY = YES;
				CLANG_WARN_ENUM_CONVERSION = YES;
				CLANG_WARN_INT_CONVERSION = YES;
				CLANG_WARN_OBJC_ROOT_CLASS = YES_ERROR;
				CLANG_WARN_UNREACHABLE_CODE = YES;
				CLANG_WARN__DUPLICATE_METHOD_MATCH = YES;
				"CODE_SIGN_IDENTITY[sdk=iphoneos*]" = "iPhone Developer";
				COPY_PHASE_STRIP = NO;
				DEBUG_INFORMATION_FORMAT = dwarf;
				ENABLE_STRICT_OBJC_MSGSEND = YES;
				ENABLE_TESTABILITY = YES;
				GCC_C_LANGUAGE_STANDARD = gnu99;
				GCC_DYNAMIC_NO_PIC = NO;
				GCC_NO_COMMON_BLOCKS = YES;
				GCC_OPTIMIZATION_LEVEL = 0;
				GCC_PREPROCESSOR_DEFINITIONS = (
					"DEBUG=1",
					"$(inherited)",
				);
				GCC_WARN_64_TO_32_BIT_CONVERSION = YES;
				GCC_WARN_ABOUT_RETURN_TYPE = YES_ERROR;
				GCC_WARN_UNDECLARED_SELECTOR = YES;
				GCC_WARN_UNINITIALIZED_AUTOS = YES_AGGRESSIVE;
				GCC_WARN_UNUSED_FUNCTION = YES;
				GCC_WARN_UNUSED_VARIABLE = YES;
				IPHONEOS_DEPLOYMENT_TARGET = 9.0;
				MTL_ENABLE_DEBUG_INFO = YES;
				ONLY_ACTIVE_ARCH = YES;
				SDKROOT = iphoneos;
				SWIFT_OPTIMIZATION_LEVEL = "-Onone";
			};
			name = Debug;
		};
		2BAB1A151B639C0600BDC591 /* Release */ = {
			isa = XCBuildConfiguration;
			buildSettings = {
				ALWAYS_SEARCH_USER_PATHS = NO;
				CLANG_CXX_LANGUAGE_STANDARD = "gnu++0x";
				CLANG_CXX_LIBRARY = "libc++";
				CLANG_ENABLE_MODULES = YES;
				CLANG_ENABLE_OBJC_ARC = YES;
				CLANG_WARN_BOOL_CONVERSION = YES;
				CLANG_WARN_CONSTANT_CONVERSION = YES;
				CLANG_WARN_DIRECT_OBJC_ISA_USAGE = YES_ERROR;
				CLANG_WARN_EMPTY_BODY = YES;
				CLANG_WARN_ENUM_CONVERSION = YES;
				CLANG_WARN_INT_CONVERSION = YES;
				CLANG_WARN_OBJC_ROOT_CLASS = YES_ERROR;
				CLANG_WARN_UNREACHABLE_CODE = YES;
				CLANG_WARN__DUPLICATE_METHOD_MATCH = YES;
				"CODE_SIGN_IDENTITY[sdk=iphoneos*]" = "iPhone Developer";
				COPY_PHASE_STRIP = NO;
				DEBUG_INFORMATION_FORMAT = "dwarf-with-dsym";
				ENABLE_NS_ASSERTIONS = NO;
				ENABLE_STRICT_OBJC_MSGSEND = YES;
				GCC_C_LANGUAGE_STANDARD = gnu99;
				GCC_NO_COMMON_BLOCKS = YES;
				GCC_WARN_64_TO_32_BIT_CONVERSION = YES;
				GCC_WARN_ABOUT_RETURN_TYPE = YES_ERROR;
				GCC_WARN_UNDECLARED_SELECTOR = YES;
				GCC_WARN_UNINITIALIZED_AUTOS = YES_AGGRESSIVE;
				GCC_WARN_UNUSED_FUNCTION = YES;
				GCC_WARN_UNUSED_VARIABLE = YES;
				IPHONEOS_DEPLOYMENT_TARGET = 9.0;
				MTL_ENABLE_DEBUG_INFO = NO;
				SDKROOT = iphoneos;
				VALIDATE_PRODUCT = YES;
			};
			name = Release;
		};
		2BAB1A171B639C0600BDC591 /* Debug */ = {
			isa = XCBuildConfiguration;
			buildSettings = {
				INFOPLIST_FILE = "AnimationSample WatchKit Extension/Info.plist";
				LD_RUNPATH_SEARCH_PATHS = "$(inherited) @executable_path/Frameworks @executable_path/../../Frameworks";
				PRODUCT_BUNDLE_IDENTIFIER = com.myCompany.AnimationSample.watchkitapp.watchkitextension;
				PRODUCT_NAME = "${TARGET_NAME}";
				SDKROOT = watchos;
				SKIP_INSTALL = YES;
				TARGETED_DEVICE_FAMILY = 4;
				WATCHOS_DEPLOYMENT_TARGET = 2.0;
			};
			name = Debug;
		};
		2BAB1A181B639C0600BDC591 /* Release */ = {
			isa = XCBuildConfiguration;
			buildSettings = {
				INFOPLIST_FILE = "AnimationSample WatchKit Extension/Info.plist";
				LD_RUNPATH_SEARCH_PATHS = "$(inherited) @executable_path/Frameworks @executable_path/../../Frameworks";
				PRODUCT_BUNDLE_IDENTIFIER = com.myCompany.AnimationSample.watchkitapp.watchkitextension;
				PRODUCT_NAME = "${TARGET_NAME}";
				SDKROOT = watchos;
				SKIP_INSTALL = YES;
				TARGETED_DEVICE_FAMILY = 4;
				WATCHOS_DEPLOYMENT_TARGET = 2.0;
			};
			name = Release;
		};
		2BAB1A1B1B639C0600BDC591 /* Debug */ = {
			isa = XCBuildConfiguration;
			buildSettings = {
				ASSETCATALOG_COMPILER_APPICON_NAME = AppIcon;
				EMBEDDED_CONTENT_CONTAINS_SWIFT = YES;
				IBSC_MODULE = AnimationSample_WatchKit_Extension;
				INFOPLIST_FILE = "AnimationSample WatchKit App/Info.plist";
				PRODUCT_BUNDLE_IDENTIFIER = com.myCompany.AnimationSample.watchkitapp;
				PRODUCT_NAME = "$(TARGET_NAME)";
				SDKROOT = watchos;
				SKIP_INSTALL = YES;
				TARGETED_DEVICE_FAMILY = 4;
				WATCHOS_DEPLOYMENT_TARGET = 2.0;
			};
			name = Debug;
		};
		2BAB1A1C1B639C0600BDC591 /* Release */ = {
			isa = XCBuildConfiguration;
			buildSettings = {
				ASSETCATALOG_COMPILER_APPICON_NAME = AppIcon;
				EMBEDDED_CONTENT_CONTAINS_SWIFT = YES;
				IBSC_MODULE = AnimationSample_WatchKit_Extension;
				INFOPLIST_FILE = "AnimationSample WatchKit App/Info.plist";
				PRODUCT_BUNDLE_IDENTIFIER = com.myCompany.AnimationSample.watchkitapp;
				PRODUCT_NAME = "$(TARGET_NAME)";
				SDKROOT = watchos;
				SKIP_INSTALL = YES;
				TARGETED_DEVICE_FAMILY = 4;
				WATCHOS_DEPLOYMENT_TARGET = 2.0;
			};
			name = Release;
		};
		2BAB1A1F1B639C0600BDC591 /* Debug */ = {
			isa = XCBuildConfiguration;
			buildSettings = {
				ASSETCATALOG_COMPILER_APPICON_NAME = AppIcon;
				INFOPLIST_FILE = AnimationSample/Info.plist;
				LD_RUNPATH_SEARCH_PATHS = "$(inherited) @executable_path/Frameworks";
				PRODUCT_BUNDLE_IDENTIFIER = com.myCompany.AnimationSample;
				PRODUCT_NAME = "$(TARGET_NAME)";
			};
			name = Debug;
		};
		2BAB1A201B639C0600BDC591 /* Release */ = {
			isa = XCBuildConfiguration;
			buildSettings = {
				ASSETCATALOG_COMPILER_APPICON_NAME = AppIcon;
				INFOPLIST_FILE = AnimationSample/Info.plist;
				LD_RUNPATH_SEARCH_PATHS = "$(inherited) @executable_path/Frameworks";
				PRODUCT_BUNDLE_IDENTIFIER = com.myCompany.AnimationSample;
				PRODUCT_NAME = "$(TARGET_NAME)";
			};
			name = Release;
		};
/* End XCBuildConfiguration section */

/* Begin XCConfigurationList section */
		2BAB19E21B639C0600BDC591 /* Build configuration list for PBXProject "AnimationSample" */ = {
			isa = XCConfigurationList;
			buildConfigurations = (
				2BAB1A141B639C0600BDC591 /* Debug */,
				2BAB1A151B639C0600BDC591 /* Release */,
			);
			defaultConfigurationIsVisible = 0;
			defaultConfigurationName = Release;
		};
		2BAB1A161B639C0600BDC591 /* Build configuration list for PBXNativeTarget "AnimationSample WatchKit Extension" */ = {
			isa = XCConfigurationList;
			buildConfigurations = (
				2BAB1A171B639C0600BDC591 /* Debug */,
				2BAB1A181B639C0600BDC591 /* Release */,
			);
			defaultConfigurationIsVisible = 0;
		};
		2BAB1A1A1B639C0600BDC591 /* Build configuration list for PBXNativeTarget "AnimationSample WatchKit App" */ = {
			isa = XCConfigurationList;
			buildConfigurations = (
				2BAB1A1B1B639C0600BDC591 /* Debug */,
				2BAB1A1C1B639C0600BDC591 /* Release */,
			);
			defaultConfigurationIsVisible = 0;
		};
		2BAB1A1E1B639C0600BDC591 /* Build configuration list for PBXNativeTarget "AnimationSample" */ = {
			isa = XCConfigurationList;
			buildConfigurations = (
				2BAB1A1F1B639C0600BDC591 /* Debug */,
				2BAB1A201B639C0600BDC591 /* Release */,
			);
			defaultConfigurationIsVisible = 0;
		};
/* End XCConfigurationList section */
	};
	rootObject = 2BAB19DF1B639C0600BDC591 /* Project object */;
}
